
Microsoft Visual Studio Solution File, Format Version 12.00
# Visual Studio Version 17
VisualStudioVersion = 17.5.33414.496
MinimumVisualStudioVersion = 10.0.40219.1
Project("{FAE04EC0-301F-11D3-BF4B-00C04F79EFBC}") = "Gun_shop", "Gun_shop\Gun_shop.csproj", "{34BA3A85-7B4B-44CF-9F6C-6B28AD5288C2}"
EndProject
Global
	GlobalSection(SolutionConfigurationPlatforms) = preSolution
		Debug|Any CPU = Debug|Any CPU
		Debug|x64 = Debug|x64
		Release|Any CPU = Release|Any CPU
		Release|x64 = Release|x64
	EndGlobalSection
	GlobalSection(ProjectConfigurationPlatforms) = postSolution
		{34BA3A85-7B4B-44CF-9F6C-6B28AD5288C2}.Debug|Any CPU.ActiveCfg = Debug|Any CPU
		{34BA3A85-7B4B-44CF-9F6C-6B28AD5288C2}.Debug|Any CPU.Build.0 = Debug|Any CPU
		{34BA3A85-7B4B-44CF-9F6C-6B28AD5288C2}.Debug|x64.ActiveCfg = Debug|x64
		{34BA3A85-7B4B-44CF-9F6C-6B28AD5288C2}.Debug|x64.Build.0 = Debug|x64
		{34BA3A85-7B4B-44CF-9F6C-6B28AD5288C2}.Release|Any CPU.ActiveCfg = Release|Any CPU
		{34BA3A85-7B4B-44CF-9F6C-6B28AD5288C2}.Release|Any CPU.Build.0 = Release|Any CPU
		{34BA3A85-7B4B-44CF-9F6C-6B28AD5288C2}.Release|x64.ActiveCfg = Release|x64
		{34BA3A85-7B4B-44CF-9F6C-6B28AD5288C2}.Release|x64.Build.0 = Release|x64
	EndGlobalSection
	GlobalSection(SolutionProperties) = preSolution
		HideSolutionNode = FALSE
	EndGlobalSection
	GlobalSection(ExtensibilityGlobals) = postSolution
		SolutionGuid = {D299AC34-C390-474D-8958-7A168D4A7C07}
	EndGlobalSection
EndGlobal
